<?xml version="1.0" encoding="utf-8"?>
<Project ToolsVersion="4.0" xmlns="http://schemas.microsoft.com/developer/msbuild/2003">
  <ItemGroup>
    <Filter Include="Timer">
      <UniqueIdentifier>{c8c8b2de-94e0-4142-9292-6ae08a3badd0}</UniqueIdentifier>
    </Filter>
    <Filter Include="Algorithms">
      <UniqueIdentifier>{2cfdad99-902e-4f8a-b232-c3f606cb90cd}</UniqueIdentifier>
    </Filter>
    <Filter Include="Algorithms\Sorting">
      <UniqueIdentifier>{5411cdbe-025d-4cd6-9648-c065e6cad734}</UniqueIdentifier>
    </Filter>
    <Filter Include="BitOperations">
      <UniqueIdentifier>{cfa7c020-945b-4c65-b7d0-f11697ed4ab7}</UniqueIdentifier>
    </Filter>
    <Filter Include="Multithreading">
      <UniqueIdentifier>{efb1174e-db08-4829-9101-48d34c2e6c0e}</UniqueIdentifier>
    </Filter>
    <Filter Include="Multithreading\DedadLock">
      <UniqueIdentifier>{7bff66fa-e93c-40bf-be68-a9e8f1f0f022}</UniqueIdentifier>
    </Filter>
    <Filter Include="Multithreading\ProcessCommunicator">
      <UniqueIdentifier>{ba4b1f04-5a2c-4d6e-b112-348aa79a99d0}</UniqueIdentifier>
    </Filter>
    <Filter Include="_DataStructures">
      <UniqueIdentifier>{7a23cd24-d99c-49e2-ba04-bea2b3f2d0d6}</UniqueIdentifier>
    </Filter>
    <Filter Include="_DataStructures\map">
      <UniqueIdentifier>{3c0ad92a-7d0c-407c-9110-7aeb6fad1359}</UniqueIdentifier>
    </Filter>
    <Filter Include="Src">
      <UniqueIdentifier>{90e257fb-8455-40b5-864f-9af3a16f4c52}</UniqueIdentifier>
    </Filter>
    <Filter Include="ProjectsManager">
      <UniqueIdentifier>{39b5fc1a-4874-43d8-b263-425153f73a47}</UniqueIdentifier>
    </Filter>
    <Filter Include="_DataStructures\MyList">
      <UniqueIdentifier>{61dc5aa0-6da5-487e-8051-a72a5edd9a4d}</UniqueIdentifier>
    </Filter>
    <Filter Include="dictionary">
      <UniqueIdentifier>{8b42f7f6-ec15-417e-b4f8-88fd1d8f9f5a}</UniqueIdentifier>
    </Filter>
  </ItemGroup>
  <ItemGroup>
    <ClCompile Include="Timer\my_timer.cpp">
      <Filter>Timer</Filter>
    </ClCompile>
    <ClCompile Include="Algorithm\Sorting\Sorting.cpp">
      <Filter>Algorithms\Sorting</Filter>
    </ClCompile>
    <ClCompile Include="BitOperations\8bit.cpp">
      <Filter>BitOperations</Filter>
    </ClCompile>
    <ClCompile Include="Multithreading\DedadLock\dead_lock.cpp">
      <Filter>Multithreading\DedadLock</Filter>
    </ClCompile>
    <ClCompile Include="_DataStructures\map\my_map.cpp">
      <Filter>_DataStructures\map</Filter>
    </ClCompile>
    <ClCompile Include="Multithreading\ProcessCommunicator\PRCM.cpp">
      <Filter>Multithreading\ProcessCommunicator</Filter>
    </ClCompile>
    <ClCompile Include="Multithreading\ProcessCommunicator\PRCM_Test.cpp">
      <Filter>Multithreading\ProcessCommunicator</Filter>
    </ClCompile>
    <ClCompile Include="Src\Main.cpp">
      <Filter>Src</Filter>
    </ClCompile>
    <ClCompile Include="ProjectsManager\ProjectsManager.cpp">
      <Filter>ProjectsManager</Filter>
    </ClCompile>
    <ClCompile Include="dictionary\dictionary.cpp">
      <Filter>dictionary</Filter>
    </ClCompile>
  </ItemGroup>
  <ItemGroup>
    <ClInclude Include="Timer\my_timer.h">
      <Filter>Timer</Filter>
    </ClInclude>
    <ClInclude Include="Algorithm\Sorting\Sorting.h">
      <Filter>Algorithms\Sorting</Filter>
    </ClInclude>
    <ClInclude Include="BitOperations\8bit.h">
      <Filter>BitOperations</Filter>
    </ClInclude>
    <ClInclude Include="Multithreading\DedadLock\dead_lock.h">
      <Filter>Multithreading\DedadLock</Filter>
    </ClInclude>
    <ClInclude Include="_DataStructures\map\my_map.h">
      <Filter>_DataStructures\map</Filter>
    </ClInclude>
    <ClInclude Include="Multithreading\ProcessCommunicator\PRCM.h">
      <Filter>Multithreading\ProcessCommunicator</Filter>
    </ClInclude>
    <ClInclude Include="ProjectsManager\ProjectsManager.h">
      <Filter>ProjectsManager</Filter>
    </ClInclude>
    <ClInclude Include="_DataStructures\MyList\MyList.h">
      <Filter>_DataStructures\MyList</Filter>
    </ClInclude>
    <ClInclude Include="_DataStructures\MyList\Node.h">
      <Filter>_DataStructures\MyList</Filter>
    </ClInclude>
    <ClInclude Include="_DataStructures\MyList\2WayList.h">
      <Filter>_DataStructures\MyList</Filter>
    </ClInclude>
    <ClInclude Include="dictionary\dictionary.h">
      <Filter>dictionary</Filter>
    </ClInclude>
    <ClInclude Include="dictionary\word.h">
      <Filter>dictionary</Filter>
    </ClInclude>
  </ItemGroup>
  <ItemGroup>
    <None Include="packages.config" />
  </ItemGroup>
</Project>